PODS:
  - AFNetworking (3.1.0):
    - AFNetworking/NSURLSession (= 3.1.0)
    - AFNetworking/Reachability (= 3.1.0)
    - AFNetworking/Security (= 3.1.0)
    - AFNetworking/Serialization (= 3.1.0)
    - AFNetworking/UIKit (= 3.1.0)
  - AFNetworking/NSURLSession (3.1.0):
    - AFNetworking/Reachability
    - AFNetworking/Security
    - AFNetworking/Serialization
  - AFNetworking/Reachability (3.1.0)
  - AFNetworking/Security (3.1.0)
  - AFNetworking/Serialization (3.1.0)
  - AFNetworking/UIKit (3.1.0):
    - AFNetworking/NSURLSession
  - AMap2DMap (4.6.0):
    - AMapFoundation (~> 1.3)
  - AMapFoundation (1.3.4)
  - AMapLocation (2.3.1):
    - AMapFoundation (~> 1.3)
  - AMapSearch (5.0.0):
    - AMapFoundation (~> 1.2)
  - Bugly (2.4.7)
  - CYLTabBarController (1.10.0)
  - FDFullscreenPopGesture (1.1)
  - fishhook (0.2)
  - FMDB (2.6.2):
    - FMDB/standard (= 2.6.2)
  - FMDB/standard (2.6.2)
  - IQKeyboardManager (4.0.9)
  - Masonry (1.0.2)
  - MJExtension (3.0.13)
  - MJRefresh (3.1.12)
  - ReactiveCocoa (2.5):
    - ReactiveCocoa/UI (= 2.5)
  - ReactiveCocoa/Core (2.5):
    - ReactiveCocoa/no-arc
  - ReactiveCocoa/no-arc (2.5)
  - ReactiveCocoa/UI (2.5):
    - ReactiveCocoa/Core
  - SDWebImage (3.7.6):
    - SDWebImage/Core (= 3.7.6)
  - SDWebImage/Core (3.7.6)
  - SocketRocket (0.5.1)
  - SVProgressHUD (2.1.2)
  - TMCache (2.1.0)
  - YYModel (1.0.4)

DEPENDENCIES:
  - AFNetworking (~> 3.1.0)
  - AMap2DMap
  - AMapFoundation (~> 1.3.4)
  - AMapLocation
  - AMapSearch
  - Bugly
  - CYLTabBarController (~> 1.10.0)
  - FDFullscreenPopGesture
  - fishhook (~> 0.2)
  - FMDB (~> 2.6.2)
  - IQKeyboardManager
  - Masonry
  - MJExtension
  - MJRefresh (~> 3.1.12)
  - ReactiveCocoa (~> 2.5)
  - SDWebImage (~> 3.7.6)
  - SocketRocket
  - SVProgressHUD
  - TMCache
  - TMCache (~> 2.1.0)
  - YYModel

SPEC CHECKSUMS:
  AFNetworking: 5e0e199f73d8626b11e79750991f5d173d1f8b67
  AMap2DMap: 003fa70526983a1469ae6fc3323a6ee8b5ccf53c
  AMapFoundation: 486493b8e9ae4a1cb7ce2d8d8978ee1aabf9bb34
  AMapLocation: 6016f0e09c127461c9c8e36945f34c0f037ad962
  AMapSearch: cf7fd100d533995822d92c22586abfaf7cdf6eef
  Bugly: 2c256069145f550171907c5cb1c0f84ad291f6c1
  CYLTabBarController: 2de9a4c26f50d33574398becf8e7b0aaed794240
  FDFullscreenPopGesture: a8a620179e3d9c40e8e00256dcee1c1a27c6d0f0
  fishhook: ea19933abfe8f2f52c55fd8b6e2718467d3ebc89
  FMDB: 854a0341b4726e53276f2a8996f06f1b80f9259a
  IQKeyboardManager: 322c7405df3eb5f7e50dede32ea937bf3d4364e0
  Masonry: 7c429b56da9d4ee0bbb3ed77a5ea710d6a5df39e
  MJExtension: 5932755f451458eefa24239358817f8d291240c7
  MJRefresh: b96cdb21c4aa75a7b07654311ab2f315c497e806
  ReactiveCocoa: e2db045570aa97c695e7aa97c2bcab222ae51f4a
  SDWebImage: c325cf02c30337336b95beff20a13df489ec0ec9
  SocketRocket: d57c7159b83c3c6655745cd15302aa24b6bae531
  SVProgressHUD: c404a55d78acbeb7ebb78b76d3faf986475a6994
  TMCache: 95ebcc9b3c7e90fb5fd8fc3036cba3aa781c9bed
  YYModel: 2a7fdd96aaa4b86a824e26d0c517de8928c04b30

PODFILE CHECKSUM: 5dc510994db2f40f411758758496448306907370

COCOAPODS: 1.1.1
